version: 1.0
shards:
  db:
    github: crystal-lang/crystal-db
    version: 0.4.2

  kemal:
    github: sdogruyol/kemal
    version: 0.19.0

  kilt:
    github: jeromegn/kilt
    version: 0.3.3

  micrate:
    github: juanedi/micrate
    commit: 1386a5793fe43ed877f004b810349206eca5e707

  pg:
    github: will/crystal-pg
    version: 0.13.3

  radix:
    github: luislavena/radix
    version: 0.3.8

  telegram_bot:
    github: hangyas/telegram_bot
    commit: bda3a2a33b02df2fedbdbcd33047cd2e5cdedc47

  wit:
    github: spalladino/wit-crystal
    version: 1.4.0

