version: 1.0
shards:
  db:
    github: crystal-lang/crystal-db
    version: 0.4.2

  facebook_bot:
    github: spalladino/crystal-facebook_bot
    commit: d70a5c0f6fb5466bd645cbfc2379482edaeb1297

  kemal:
    github: sdogruyol/kemal
    version: 0.19.0

  kemal-basic-auth:
    github: kemalcr/kemal-basic-auth
    version: 0.2.0

  kilt:
    github: jeromegn/kilt
    version: 0.3.3

  micrate:
    github: juanedi/micrate
    commit: 1386a5793fe43ed877f004b810349206eca5e707

  pg:
    github: will/crystal-pg
    version: 0.13.3

  radix:
    github: luislavena/radix
    version: 0.3.8

  telegram_bot:
    github: hangyas/telegram_bot
    commit: 64f77b5815330019368c5dd102427ccbae5d3c5d

  wit:
    github: spalladino/wit-crystal
    version: 1.4.0

